hash: 3ccf656ca662afebbccb5a247ddbeae8161b0d02c8f3bc6bd8f6d0d10a4317b7
updated: 2017-11-03T07:13:46.722134168+08:00
imports:
- name: github.com/asaskevich/govalidator
  version: 9699ab6b38bee2e02cd3fe8b99ecf67665395c96
- name: github.com/google/cadvisor
  version: 31694e6e1e014c1395b3149db457056782a4bdab
  subpackages:
  - info/v1
- name: github.com/gorilla/context
  version: 08b5f424b9271eedf6f9f0ce86cb9396ed337a42
- name: github.com/gorilla/mux
  version: 757bef944d0f21880861c2dd9c871ca543023cba
- name: github.com/intelsdi-x/snap
  version: 79e1dd457d77c985491c2f4746cbc425fb3dc2dd
  subpackages:
  - control/plugin
  - control/plugin/cpolicy
  - control/plugin/encoding
  - control/plugin/encrypter
  - core
  - core/cdata
  - core/ctypes
  - core/serror
  - pkg/ctree
  - pkg/fileutils
  - pkg/schedule
  - pkg/stringutils
  - scheduler/wmap
- name: github.com/robfig/cron
  version: 32d9c273155a0506d27cf73dd1246e86a470997e
- name: github.com/sirupsen/logrus
  version: f006c2ac4710855cf0f916dd6b77acf6b048dc6e
- name: golang.org/x/crypto
  version: aedad9a179ec1ea11b7064c57cbc6dc30d7724ec
  subpackages:
  - openpgp
  - ssh/terminal
- name: golang.org/x/sys
  version: 95c6576299259db960f6c5b9b69ea52422860fce
  subpackages:
  - unix
  - windows
- name: gopkg.in/yaml.v2
  version: c1cd2254a6dd314c9d73c338c12688c9325d85c6
testImports:
- name: github.com/gopherjs/gopherjs
  version: a0a7cfed7b2a54080888fd2b3d4a3ec14562c86c
  subpackages:
  - js
- name: github.com/jtolds/gls
  version: 77f18212c9c7edc9bd6a33d383a7b545ce62f064
- name: github.com/smartystreets/assertions
  version: 0b37b35ec7434b77e77a4bb29b79677cced992ea
  subpackages:
  - internal/go-render/render
  - internal/oglematchers
- name: github.com/smartystreets/goconvey
  version: e5b2b7c9111590d019a696c7800593f666e1a7f4
  subpackages:
  - convey
  - convey/gotest
  - convey/reporting
